
Microsoft Visual Studio Solution File, Format Version 12.00
# Visual Studio Version 16
VisualStudioVersion = 16.0.32602.291
MinimumVisualStudioVersion = 10.0.40219.1
Project("{FAE04EC0-301F-11D3-BF4B-00C04F79EFBC}") = "PersonelPuantajUygulamasi", "PersonelPuantajUygulamasi.csproj", "{04AF8166-597C-4E06-926F-12B8B3779000}"
EndProject
Global
	GlobalSection(SolutionConfigurationPlatforms) = preSolution
		Debug|Any CPU = Debug|Any CPU
		Release|Any CPU = Release|Any CPU
	EndGlobalSection
	GlobalSection(ProjectConfigurationPlatforms) = postSolution
		{04AF8166-597C-4E06-926F-12B8B3779000}.Debug|Any CPU.ActiveCfg = Debug|Any CPU
		{04AF8166-597C-4E06-926F-12B8B3779000}.Debug|Any CPU.Build.0 = Debug|Any CPU
		{04AF8166-597C-4E06-926F-12B8B3779000}.Release|Any CPU.ActiveCfg = Release|Any CPU
		{04AF8166-597C-4E06-926F-12B8B3779000}.Release|Any CPU.Build.0 = Release|Any CPU
	EndGlobalSection
	GlobalSection(SolutionProperties) = preSolution
		HideSolutionNode = FALSE
	EndGlobalSection
	GlobalSection(ExtensibilityGlobals) = postSolution
		SolutionGuid = {673B72FF-1A51-4080-B40E-290F45C8FC28}
	EndGlobalSection
EndGlobal
